
Microsoft Visual Studio Solution File, Format Version 12.00
# Visual Studio Version 17
VisualStudioVersion = 17.6.33801.468
MinimumVisualStudioVersion = 10.0.40219.1
Project("{9A19103F-16F7-4668-BE54-9A1E7A4F7556}") = "DataAccess", "DataAccess\DataAccess.csproj", "{ED29B3B1-3181-4764-811A-BA16C729F0FD}"
EndProject
Project("{9A19103F-16F7-4668-BE54-9A1E7A4F7556}") = "Business", "Business\Business.csproj", "{F47DDEDB-3228-4E31-B01A-1AB58F8D895D}"
EndProject
Project("{9A19103F-16F7-4668-BE54-9A1E7A4F7556}") = "Entities", "Entities\Entities.csproj", "{33BE17E8-753E-4B19-865B-137EA8DD6BBC}"
EndProject
Project("{9A19103F-16F7-4668-BE54-9A1E7A4F7556}") = "ConsoleUI", "ConsoleUI\ConsoleUI.csproj", "{96650FCF-5098-4BD6-A517-D15C7A6FE630}"
EndProject
Project("{FAE04EC0-301F-11D3-BF4B-00C04F79EFBC}") = "Core", "Core\Core.csproj", "{4935D1D7-51B2-4C11-BB6E-0DB81F20970A}"
EndProject
Global
	GlobalSection(SolutionConfigurationPlatforms) = preSolution
		Debug|Any CPU = Debug|Any CPU
		Release|Any CPU = Release|Any CPU
	EndGlobalSection
	GlobalSection(ProjectConfigurationPlatforms) = postSolution
		{ED29B3B1-3181-4764-811A-BA16C729F0FD}.Debug|Any CPU.ActiveCfg = Debug|Any CPU
		{ED29B3B1-3181-4764-811A-BA16C729F0FD}.Debug|Any CPU.Build.0 = Debug|Any CPU
		{ED29B3B1-3181-4764-811A-BA16C729F0FD}.Release|Any CPU.ActiveCfg = Release|Any CPU
		{ED29B3B1-3181-4764-811A-BA16C729F0FD}.Release|Any CPU.Build.0 = Release|Any CPU
		{F47DDEDB-3228-4E31-B01A-1AB58F8D895D}.Debug|Any CPU.ActiveCfg = Debug|Any CPU
		{F47DDEDB-3228-4E31-B01A-1AB58F8D895D}.Debug|Any CPU.Build.0 = Debug|Any CPU
		{F47DDEDB-3228-4E31-B01A-1AB58F8D895D}.Release|Any CPU.ActiveCfg = Release|Any CPU
		{F47DDEDB-3228-4E31-B01A-1AB58F8D895D}.Release|Any CPU.Build.0 = Release|Any CPU
		{33BE17E8-753E-4B19-865B-137EA8DD6BBC}.Debug|Any CPU.ActiveCfg = Debug|Any CPU
		{33BE17E8-753E-4B19-865B-137EA8DD6BBC}.Debug|Any CPU.Build.0 = Debug|Any CPU
		{33BE17E8-753E-4B19-865B-137EA8DD6BBC}.Release|Any CPU.ActiveCfg = Release|Any CPU
		{33BE17E8-753E-4B19-865B-137EA8DD6BBC}.Release|Any CPU.Build.0 = Release|Any CPU
		{96650FCF-5098-4BD6-A517-D15C7A6FE630}.Debug|Any CPU.ActiveCfg = Debug|Any CPU
		{96650FCF-5098-4BD6-A517-D15C7A6FE630}.Debug|Any CPU.Build.0 = Debug|Any CPU
		{96650FCF-5098-4BD6-A517-D15C7A6FE630}.Release|Any CPU.ActiveCfg = Release|Any CPU
		{96650FCF-5098-4BD6-A517-D15C7A6FE630}.Release|Any CPU.Build.0 = Release|Any CPU
		{4935D1D7-51B2-4C11-BB6E-0DB81F20970A}.Debug|Any CPU.ActiveCfg = Debug|Any CPU
		{4935D1D7-51B2-4C11-BB6E-0DB81F20970A}.Debug|Any CPU.Build.0 = Debug|Any CPU
		{4935D1D7-51B2-4C11-BB6E-0DB81F20970A}.Release|Any CPU.ActiveCfg = Release|Any CPU
		{4935D1D7-51B2-4C11-BB6E-0DB81F20970A}.Release|Any CPU.Build.0 = Release|Any CPU
	EndGlobalSection
	GlobalSection(SolutionProperties) = preSolution
		HideSolutionNode = FALSE
	EndGlobalSection
	GlobalSection(ExtensibilityGlobals) = postSolution
		SolutionGuid = {9F8AE6D9-A205-42DA-BDEF-393543DAD09A}
	EndGlobalSection
EndGlobal
